
Microsoft Visual Studio Solution File, Format Version 12.00
# Visual Studio Version 17
VisualStudioVersion = 17.11.35222.181
MinimumVisualStudioVersion = 10.0.40219.1
Project("{FAE04EC0-301F-11D3-BF4B-00C04F79EFBC}") = "GraphDS", "GraphDS\GraphDS.csproj", "{EE014FF0-E91D-485A-934B-DEBFEA1C286E}"
EndProject
Global
	GlobalSection(SolutionConfigurationPlatforms) = preSolution
		Debug|Any CPU = Debug|Any CPU
		Release|Any CPU = Release|Any CPU
	EndGlobalSection
	GlobalSection(ProjectConfigurationPlatforms) = postSolution
		{EE014FF0-E91D-485A-934B-DEBFEA1C286E}.Debug|Any CPU.ActiveCfg = Debug|Any CPU
		{EE014FF0-E91D-485A-934B-DEBFEA1C286E}.Debug|Any CPU.Build.0 = Debug|Any CPU
		{EE014FF0-E91D-485A-934B-DEBFEA1C286E}.Release|Any CPU.ActiveCfg = Release|Any CPU
		{EE014FF0-E91D-485A-934B-DEBFEA1C286E}.Release|Any CPU.Build.0 = Release|Any CPU
	EndGlobalSection
	GlobalSection(SolutionProperties) = preSolution
		HideSolutionNode = FALSE
	EndGlobalSection
	GlobalSection(ExtensibilityGlobals) = postSolution
		SolutionGuid = {CE65BECD-1726-48CB-9740-E2524F8CFDA7}
	EndGlobalSection
EndGlobal
